
Microsoft Visual Studio Solution File, Format Version 12.00
# Visual Studio Version 17
VisualStudioVersion = 17.9.34616.47
MinimumVisualStudioVersion = 10.0.40219.1
Project("{FAE04EC0-301F-11D3-BF4B-00C04F79EFBC}") = "tpmodul4_1302220001", "tpmodul4_1302220001\tpmodul4_1302220001.csproj", "{CDB74BBD-825F-447C-9B96-8EE29343AD43}"
EndProject
Global
	GlobalSection(SolutionConfigurationPlatforms) = preSolution
		Debug|Any CPU = Debug|Any CPU
		Release|Any CPU = Release|Any CPU
	EndGlobalSection
	GlobalSection(ProjectConfigurationPlatforms) = postSolution
		{CDB74BBD-825F-447C-9B96-8EE29343AD43}.Debug|Any CPU.ActiveCfg = Debug|Any CPU
		{CDB74BBD-825F-447C-9B96-8EE29343AD43}.Debug|Any CPU.Build.0 = Debug|Any CPU
		{CDB74BBD-825F-447C-9B96-8EE29343AD43}.Release|Any CPU.ActiveCfg = Release|Any CPU
		{CDB74BBD-825F-447C-9B96-8EE29343AD43}.Release|Any CPU.Build.0 = Release|Any CPU
	EndGlobalSection
	GlobalSection(SolutionProperties) = preSolution
		HideSolutionNode = FALSE
	EndGlobalSection
	GlobalSection(ExtensibilityGlobals) = postSolution
		SolutionGuid = {6AFAC8C7-5F71-4F76-B473-8039E153844B}
	EndGlobalSection
EndGlobal
